
Microsoft Visual Studio Solution File, Format Version 12.00
# Visual Studio Version 17
VisualStudioVersion = 17.7.34221.43
MinimumVisualStudioVersion = 10.0.40219.1
Project("{FAE04EC0-301F-11D3-BF4B-00C04F79EFBC}") = "MatchCalculator", "MatchCalculator\MatchCalculator.csproj", "{CC10D479-A11C-43D7-8B80-16ECB1A75DCC}"
EndProject
Project("{E53339B2-1760-4266-BCC7-CA923CBCF16C}") = "docker-compose", "docker-compose.dcproj", "{DA661573-B7C8-4F31-B425-A2D4D7C59A56}"
EndProject
Global
	GlobalSection(SolutionConfigurationPlatforms) = preSolution
		Debug|Any CPU = Debug|Any CPU
		Release|Any CPU = Release|Any CPU
	EndGlobalSection
	GlobalSection(ProjectConfigurationPlatforms) = postSolution
		{CC10D479-A11C-43D7-8B80-16ECB1A75DCC}.Debug|Any CPU.ActiveCfg = Debug|Any CPU
		{CC10D479-A11C-43D7-8B80-16ECB1A75DCC}.Debug|Any CPU.Build.0 = Debug|Any CPU
		{CC10D479-A11C-43D7-8B80-16ECB1A75DCC}.Release|Any CPU.ActiveCfg = Release|Any CPU
		{CC10D479-A11C-43D7-8B80-16ECB1A75DCC}.Release|Any CPU.Build.0 = Release|Any CPU
		{DA661573-B7C8-4F31-B425-A2D4D7C59A56}.Debug|Any CPU.ActiveCfg = Debug|Any CPU
		{DA661573-B7C8-4F31-B425-A2D4D7C59A56}.Debug|Any CPU.Build.0 = Debug|Any CPU
		{DA661573-B7C8-4F31-B425-A2D4D7C59A56}.Release|Any CPU.ActiveCfg = Release|Any CPU
		{DA661573-B7C8-4F31-B425-A2D4D7C59A56}.Release|Any CPU.Build.0 = Release|Any CPU
	EndGlobalSection
	GlobalSection(SolutionProperties) = preSolution
		HideSolutionNode = FALSE
	EndGlobalSection
	GlobalSection(ExtensibilityGlobals) = postSolution
		SolutionGuid = {69A1FC94-8186-4991-BA1D-0B5E6562B25D}
	EndGlobalSection
EndGlobal
